<?xml version="1.0" encoding="utf-8"?>
<Project ToolsVersion="4.0" xmlns="http://schemas.microsoft.com/developer/msbuild/2003">
  <ItemGroup>
    <Filter Include="Fichiers sources">
      <UniqueIdentifier>{4FC737F1-C7A5-4376-A066-2A32D752A2FF}</UniqueIdentifier>
      <Extensions>cpp;c;cc;cxx;c++;cppm;ixx;def;odl;idl;hpj;bat;asm;asmx</Extensions>
    </Filter>
    <Filter Include="Fichiers d%27en-tête">
      <UniqueIdentifier>{93995380-89BD-4b04-88EB-625FBE52EBFB}</UniqueIdentifier>
      <Extensions>h;hh;hpp;hxx;h++;hm;inl;inc;ipp;xsd</Extensions>
    </Filter>
    <Filter Include="Fichiers de ressources">
      <UniqueIdentifier>{67DA6AB6-F800-4c08-8B7A-83BB121AAD01}</UniqueIdentifier>
      <Extensions>rc;ico;cur;bmp;dlg;rc2;rct;bin;rgs;gif;jpg;jpeg;jpe;resx;tiff;tif;png;wav;mfcribbon-ms</Extensions>
    </Filter>
    <Filter Include="Fichiers de ressources\shaders">
      <UniqueIdentifier>{cd1f3bef-62c9-4d1e-a67c-55538ab1a9d1}</UniqueIdentifier>
    </Filter>
    <Filter Include="Fichiers de ressources\fonts">
      <UniqueIdentifier>{29365d68-4cbb-4b14-bf54-f0dbcf340158}</UniqueIdentifier>
    </Filter>
    <Filter Include="Fichiers de ressources\Textures">
      <UniqueIdentifier>{951de530-c924-472f-bd22-2c8f7bfa85b3}</UniqueIdentifier>
    </Filter>
    <Filter Include="Fichiers d%27en-tête\imgui">
      <UniqueIdentifier>{2f859b19-169a-4296-9d3f-ce49e164a7c2}</UniqueIdentifier>
    </Filter>
    <Filter Include="Fichiers sources\imgui">
      <UniqueIdentifier>{ee087225-39fc-4a34-83d6-f7d76431e127}</UniqueIdentifier>
    </Filter>
  </ItemGroup>
  <ItemGroup>
    <ClCompile Include="Simulateur.cpp">
      <Filter>Fichiers sources</Filter>
    </ClCompile>
    <ClCompile Include="glad.c">
      <Filter>Fichiers sources</Filter>
    </ClCompile>
    <ClCompile Include="Shader.cpp">
      <Filter>Fichiers sources</Filter>
    </ClCompile>
    <ClCompile Include="EBO.cpp">
      <Filter>Fichiers sources</Filter>
    </ClCompile>
    <ClCompile Include="shaderClass.cpp">
      <Filter>Fichiers sources</Filter>
    </ClCompile>
    <ClCompile Include="VAO.cpp">
      <Filter>Fichiers sources</Filter>
    </ClCompile>
    <ClCompile Include="VBO.cpp">
      <Filter>Fichiers sources</Filter>
    </ClCompile>
    <ClCompile Include="MenuConnexion.cpp">
      <Filter>Fichiers sources</Filter>
    </ClCompile>
    <ClCompile Include="menuVoiture.cpp">
      <Filter>Fichiers sources</Filter>
    </ClCompile>
    <ClCompile Include="Line.cpp">
      <Filter>Fichiers sources</Filter>
    </ClCompile>
    <ClCompile Include="stb.cpp">
      <Filter>Fichiers sources</Filter>
    </ClCompile>
    <ClCompile Include="Texture.cpp">
      <Filter>Fichiers sources</Filter>
    </ClCompile>
    <ClCompile Include="Camera.cpp">
      <Filter>Fichiers sources</Filter>
    </ClCompile>
    <ClCompile Include="windowUtils.cpp">
      <Filter>Fichiers sources</Filter>
    </ClCompile>
    <ClCompile Include="libs\imguilib\imgui_draw.cpp">
      <Filter>Fichiers sources\imgui</Filter>
    </ClCompile>
    <ClCompile Include="libs\imguilib\imgui_impl_glfw.cpp">
      <Filter>Fichiers sources\imgui</Filter>
    </ClCompile>
    <ClCompile Include="libs\imguilib\imgui_impl_opengl3.cpp">
      <Filter>Fichiers sources\imgui</Filter>
    </ClCompile>
    <ClCompile Include="libs\imguilib\imgui_tables.cpp">
      <Filter>Fichiers sources\imgui</Filter>
    </ClCompile>
    <ClCompile Include="libs\imguilib\imgui_widgets.cpp">
      <Filter>Fichiers sources\imgui</Filter>
    </ClCompile>
    <ClCompile Include="libs\imguilib\imgui.cpp">
      <Filter>Fichiers sources\imgui</Filter>
    </ClCompile>
    <ClCompile Include="libs\imguilib\imgui_demo.cpp">
      <Filter>Fichiers sources\imgui</Filter>
    </ClCompile>
    <ClCompile Include="Mesh.cpp">
      <Filter>Fichiers sources</Filter>
    </ClCompile>
    <ClCompile Include="Main.cpp">
      <Filter>Fichiers sources</Filter>
    </ClCompile>
  </ItemGroup>
  <ItemGroup>
    <ClInclude Include="Shader.h">
      <Filter>Fichiers d%27en-tête</Filter>
    </ClInclude>
    <ClInclude Include="EBO.h">
      <Filter>Fichiers d%27en-tête</Filter>
    </ClInclude>
    <ClInclude Include="shaderClass.h">
      <Filter>Fichiers d%27en-tête</Filter>
    </ClInclude>
    <ClInclude Include="VAO.h">
      <Filter>Fichiers d%27en-tête</Filter>
    </ClInclude>
    <ClInclude Include="VBO.h">
      <Filter>Fichiers d%27en-tête</Filter>
    </ClInclude>
    <ClInclude Include="resource.h">
      <Filter>Fichiers d%27en-tête</Filter>
    </ClInclude>
    <ClInclude Include="MenuConnexion.h">
      <Filter>Fichiers d%27en-tête</Filter>
    </ClInclude>
    <ClInclude Include="menuVoiture.h">
      <Filter>Fichiers d%27en-tête</Filter>
    </ClInclude>
    <ClInclude Include="Line.h">
      <Filter>Fichiers d%27en-tête</Filter>
    </ClInclude>
    <ClInclude Include="Texture.h">
      <Filter>Fichiers d%27en-tête</Filter>
    </ClInclude>
    <ClInclude Include="Simulateur.h">
      <Filter>Fichiers d%27en-tête</Filter>
    </ClInclude>
    <ClInclude Include="Camera.h">
      <Filter>Fichiers d%27en-tête</Filter>
    </ClInclude>
    <ClInclude Include="windowUtils.h">
      <Filter>Fichiers d%27en-tête</Filter>
    </ClInclude>
    <ClInclude Include="libs\imguilib\imgui.h">
      <Filter>Fichiers d%27en-tête\imgui</Filter>
    </ClInclude>
    <ClInclude Include="libs\imguilib\imgui_impl_glfw.h">
      <Filter>Fichiers d%27en-tête\imgui</Filter>
    </ClInclude>
    <ClInclude Include="libs\imguilib\imgui_impl_opengl3.h">
      <Filter>Fichiers d%27en-tête\imgui</Filter>
    </ClInclude>
    <ClInclude Include="libs\imguilib\imgui_internal.h">
      <Filter>Fichiers d%27en-tête\imgui</Filter>
    </ClInclude>
    <ClInclude Include="libs\imguilib\imstb_rectpack.h">
      <Filter>Fichiers d%27en-tête\imgui</Filter>
    </ClInclude>
    <ClInclude Include="libs\imguilib\imstb_textedit.h">
      <Filter>Fichiers d%27en-tête\imgui</Filter>
    </ClInclude>
    <ClInclude Include="libs\imguilib\imconfig.h">
      <Filter>Fichiers d%27en-tête\imgui</Filter>
    </ClInclude>
    <ClInclude Include="Mesh.h">
      <Filter>Fichiers d%27en-tête</Filter>
    </ClInclude>
  </ItemGroup>
  <ItemGroup>
    <None Include="SimpleFragmentShader.fragmentshader">
      <Filter>Fichiers de ressources\shaders</Filter>
    </None>
    <None Include="SimpleVertexShader.vertexshader">
      <Filter>Fichiers de ressources\shaders</Filter>
    </None>
    <None Include="default.frag">
      <Filter>Fichiers de ressources\shaders</Filter>
    </None>
    <None Include="default.vert">
      <Filter>Fichiers de ressources\shaders</Filter>
    </None>
    <None Include="ligne.frag">
      <Filter>Fichiers de ressources\shaders</Filter>
    </None>
    <None Include="ligne.vert">
      <Filter>Fichiers de ressources\shaders</Filter>
    </None>
    <None Include="light.frag">
      <Filter>Fichiers de ressources\shaders</Filter>
    </None>
    <None Include="light.vert">
      <Filter>Fichiers de ressources\shaders</Filter>
    </None>
  </ItemGroup>
  <ItemGroup>
    <ResourceCompile Include="Simulateur.rc">
      <Filter>Fichiers de ressources</Filter>
    </ResourceCompile>
  </ItemGroup>
  <ItemGroup>
    <Font Include="..\x64\Debug\Roboto-Regular.ttf">
      <Filter>Fichiers de ressources\fonts</Filter>
    </Font>
  </ItemGroup>
  <ItemGroup>
    <Image Include="voiture.png">
      <Filter>Fichiers de ressources\Textures</Filter>
    </Image>
    <Image Include="brick.png">
      <Filter>Fichiers de ressources\Textures</Filter>
    </Image>
    <Image Include="logo.ico">
      <Filter>Fichiers de ressources</Filter>
    </Image>
    <Image Include="planksSpec.png">
      <Filter>Fichiers de ressources\Textures</Filter>
    </Image>
    <Image Include="planks.png">
      <Filter>Fichiers de ressources\Textures</Filter>
    </Image>
  </ItemGroup>
</Project>